// !$*UTF8*$!
{
	archiveVersion = 1;
	classes = {
	};
	objectVersion = 56;
	objects = {

/* Begin PBXBuildFile section */
		050099C82C800D040091ED23 /* RenewalCalendarViewController.swift in Sources */ = {isa = PBXBuildFile; fileRef = 050099C72C800D040091ED23 /* RenewalCalendarViewController.swift */; };
		05437B452C52210700963271 /* AddressSearchTableViewCell.swift in Sources */ = {isa = PBXBuildFile; fileRef = 05437B442C52210700963271 /* AddressSearchTableViewCell.swift */; };
		055F31E92C83A36E0023D38B /* RenewalEstimateViewController.swift in Sources */ = {isa = PBXBuildFile; fileRef = 055F31E82C83A36E0023D38B /* RenewalEstimateViewController.swift */; };
		055F31EC2C84038C0023D38B /* ImageSlideShowTableViewCell.swift in Sources */ = {isa = PBXBuildFile; fileRef = 055F31EB2C84038C0023D38B /* ImageSlideShowTableViewCell.swift */; };
		055F31EE2C8403940023D38B /* MainContentsTableViewCell.swift in Sources */ = {isa = PBXBuildFile; fileRef = 055F31ED2C8403940023D38B /* MainContentsTableViewCell.swift */; };
		055F31F02C8404740023D38B /* RenewalMainViewController.swift in Sources */ = {isa = PBXBuildFile; fileRef = 055F31EF2C8404740023D38B /* RenewalMainViewController.swift */; };
		055F31F22C840BB10023D38B /* RefactoringMainViewController.swift in Sources */ = {isa = PBXBuildFile; fileRef = 055F31F12C840BB10023D38B /* RefactoringMainViewController.swift */; };
		056C684E2C844472004638DC /* GoogleService-Info.plist in Resources */ = {isa = PBXBuildFile; fileRef = 056C684D2C844471004638DC /* GoogleService-Info.plist */; };
		056E05672C7DC05000582D15 /* CircularProgress.swift in Sources */ = {isa = PBXBuildFile; fileRef = 056E05662C7DC05000582D15 /* CircularProgress.swift */; };
		057806EB2C80388E007BDA7F /* SelectDatesCustomCalendarCell.swift in Sources */ = {isa = PBXBuildFile; fileRef = 057806EA2C80388E007BDA7F /* SelectDatesCustomCalendarCell.swift */; };
		0599490F2C7EA945000F7028 /* BusViewController.swift in Sources */ = {isa = PBXBuildFile; fileRef = 0599490E2C7EA945000F7028 /* BusViewController.swift */; };
		059949112C7EA9E3000F7028 /* KindsOfBusCollectionViewCell.swift in Sources */ = {isa = PBXBuildFile; fileRef = 059949102C7EA9E3000F7028 /* KindsOfBusCollectionViewCell.swift */; };
		059949132C7EAD40000F7028 /* BusImageCollectionViewCell.swift in Sources */ = {isa = PBXBuildFile; fileRef = 059949122C7EAD40000F7028 /* BusImageCollectionViewCell.swift */; };
		059949152C7EBB52000F7028 /* ClauseViewController.swift in Sources */ = {isa = PBXBuildFile; fileRef = 059949142C7EBB52000F7028 /* ClauseViewController.swift */; };
		059949172C7EBE4A000F7028 /* ClauseTableViewCell.swift in Sources */ = {isa = PBXBuildFile; fileRef = 059949162C7EBE4A000F7028 /* ClauseTableViewCell.swift */; };
		05DD11732C64482C0005B073 /* Server.swift in Sources */ = {isa = PBXBuildFile; fileRef = 05DD11722C64482C0005B073 /* Server.swift */; };
		05EDA1382C7D8C5B00966E6F /* PastHistoryMoreInfoCollectionViewCell.swift in Sources */ = {isa = PBXBuildFile; fileRef = 05EDA1372C7D8C5B00966E6F /* PastHistoryMoreInfoCollectionViewCell.swift */; };
		05EDA13A2C7D9BFE00966E6F /* FAQTableViewCell.swift in Sources */ = {isa = PBXBuildFile; fileRef = 05EDA1392C7D9BFE00966E6F /* FAQTableViewCell.swift */; };
		2D0F91FB2C4841CB0014A87D /* EstimateConfirmationViewController.swift in Sources */ = {isa = PBXBuildFile; fileRef = 2D0F91FA2C4841CB0014A87D /* EstimateConfirmationViewController.swift */; };
		2D0F91FD2C48F4200014A87D /* EstimateDetailTableViewCell.swift in Sources */ = {isa = PBXBuildFile; fileRef = 2D0F91FC2C48F4200014A87D /* EstimateDetailTableViewCell.swift */; };
		2D0F91FF2C48FD480014A87D /* ReservationAnnouncementViewController.swift in Sources */ = {isa = PBXBuildFile; fileRef = 2D0F91FE2C48FD480014A87D /* ReservationAnnouncementViewController.swift */; };
		2D46F5882C3DAF6F00C711E2 /* AppDelegate.swift in Sources */ = {isa = PBXBuildFile; fileRef = 2D46F5872C3DAF6F00C711E2 /* AppDelegate.swift */; };
		2D46F58A2C3DAF6F00C711E2 /* SceneDelegate.swift in Sources */ = {isa = PBXBuildFile; fileRef = 2D46F5892C3DAF6F00C711E2 /* SceneDelegate.swift */; };
		2D46F5912C3DAF7100C711E2 /* Assets.xcassets in Resources */ = {isa = PBXBuildFile; fileRef = 2D46F5902C3DAF7100C711E2 /* Assets.xcassets */; };
		2D46F5942C3DAF7100C711E2 /* LaunchScreen.storyboard in Resources */ = {isa = PBXBuildFile; fileRef = 2D46F5922C3DAF7100C711E2 /* LaunchScreen.storyboard */; };
		2D46F59E2C3DB0D300C711E2 /* SupportingMethods.swift in Sources */ = {isa = PBXBuildFile; fileRef = 2D46F59D2C3DB0D300C711E2 /* SupportingMethods.swift */; };
		2D46F5A02C3DB0DD00C711E2 /* ReferenceValues.swift in Sources */ = {isa = PBXBuildFile; fileRef = 2D46F59F2C3DB0DD00C711E2 /* ReferenceValues.swift */; };
		2D46F5A32C3E3FB300C711E2 /* SplashViewController.swift in Sources */ = {isa = PBXBuildFile; fileRef = 2D46F5A22C3E3FB300C711E2 /* SplashViewController.swift */; };
		2D46F5AA2C3E445800C711E2 /* CustomizedNavigationController.swift in Sources */ = {isa = PBXBuildFile; fileRef = 2D46F5A92C3E445800C711E2 /* CustomizedNavigationController.swift */; };
		2D46F5AC2C3E448100C711E2 /* MainViewController.swift in Sources */ = {isa = PBXBuildFile; fileRef = 2D46F5AB2C3E448100C711E2 /* MainViewController.swift */; };
		2D46F5AE2C3E536000C711E2 /* PaymentViewController.swift in Sources */ = {isa = PBXBuildFile; fileRef = 2D46F5AD2C3E536000C711E2 /* PaymentViewController.swift */; };
		2D46F5AF2C3E553600C711E2 /* PretendardVariable.ttf in Resources */ = {isa = PBXBuildFile; fileRef = 2D46F5A72C3E42F500C711E2 /* PretendardVariable.ttf */; };
		2D5342112C47C9D700B74FBF /* ReservationCompletedViewController.swift in Sources */ = {isa = PBXBuildFile; fileRef = 2D5342102C47C9D700B74FBF /* ReservationCompletedViewController.swift */; };
		2D5342132C47E79000B74FBF /* MoreInfoCollectionViewCell.swift in Sources */ = {isa = PBXBuildFile; fileRef = 2D5342122C47E79000B74FBF /* MoreInfoCollectionViewCell.swift */; };
		2D5A98722C8D55C800C06480 /* EstimateTourCollectionViewCell.swift in Sources */ = {isa = PBXBuildFile; fileRef = 2D5A98712C8D55C800C06480 /* EstimateTourCollectionViewCell.swift */; };
		2D5A98742C8D55D000C06480 /* EstimateTourTableViewCell.swift in Sources */ = {isa = PBXBuildFile; fileRef = 2D5A98732C8D55D000C06480 /* EstimateTourTableViewCell.swift */; };
		2D6882922C49095700F9A9CD /* CalendarViewController.swift in Sources */ = {isa = PBXBuildFile; fileRef = 2D6882912C49095700F9A9CD /* CalendarViewController.swift */; };
		2D835A472C465D7000DF9054 /* CategoryCollectionViewCell.swift in Sources */ = {isa = PBXBuildFile; fileRef = 2D835A462C465D7000DF9054 /* CategoryCollectionViewCell.swift */; };
		2D8EFEFC2C831ED900ACD818 /* TourDetailViewController.swift in Sources */ = {isa = PBXBuildFile; fileRef = 2D8EFEFB2C831ED900ACD818 /* TourDetailViewController.swift */; };
		2D8EFEFE2C8321F900ACD818 /* BasicInfoTableViewCell.swift in Sources */ = {isa = PBXBuildFile; fileRef = 2D8EFEFD2C8321F900ACD818 /* BasicInfoTableViewCell.swift */; };
		2D8EFF002C83220100ACD818 /* AddressTourTableViewCell.swift in Sources */ = {isa = PBXBuildFile; fileRef = 2D8EFEFF2C83220100ACD818 /* AddressTourTableViewCell.swift */; };
		2D8EFF022C83221200ACD818 /* ReservationTourTableViewCell.swift in Sources */ = {isa = PBXBuildFile; fileRef = 2D8EFF012C83221200ACD818 /* ReservationTourTableViewCell.swift */; };
		2D8EFF042C83221A00ACD818 /* GuideTableViewCell.swift in Sources */ = {isa = PBXBuildFile; fileRef = 2D8EFF032C83221A00ACD818 /* GuideTableViewCell.swift */; };
		2D8EFF062C83222300ACD818 /* ReservationButtonTableViewCell.swift in Sources */ = {isa = PBXBuildFile; fileRef = 2D8EFF052C83222300ACD818 /* ReservationButtonTableViewCell.swift */; };
		2DA8211B2C41491A000EF1D9 /* EstimateViewController.swift in Sources */ = {isa = PBXBuildFile; fileRef = 2DA8211A2C41491A000EF1D9 /* EstimateViewController.swift */; };
		2DA8211D2C414967000EF1D9 /* EstimateDetailViewController.swift in Sources */ = {isa = PBXBuildFile; fileRef = 2DA8211C2C414967000EF1D9 /* EstimateDetailViewController.swift */; };
		2DA8211F2C415172000EF1D9 /* ViewPagerCollectionViewCell.swift in Sources */ = {isa = PBXBuildFile; fileRef = 2DA8211E2C415172000EF1D9 /* ViewPagerCollectionViewCell.swift */; };
		2DB4ADC12C5FCDBD00813097 /* Splash.gif in Resources */ = {isa = PBXBuildFile; fileRef = 2DB4ADBE2C5FCDBD00813097 /* Splash.gif */; };
		2DB4ADC22C5FCDBD00813097 /* CompletedReservation.gif in Resources */ = {isa = PBXBuildFile; fileRef = 2DB4ADBF2C5FCDBD00813097 /* CompletedReservation.gif */; };
		2DB4ADC32C5FCDBD00813097 /* EstimateRequest.gif in Resources */ = {isa = PBXBuildFile; fileRef = 2DB4ADC02C5FCDBD00813097 /* EstimateRequest.gif */; };
		2DB4ADC72C7066EF00813097 /* User.swift in Sources */ = {isa = PBXBuildFile; fileRef = 2DB4ADC62C7066EF00813097 /* User.swift */; };
		2DB745E12C94438800EA99F3 /* LoginViewController.swift in Sources */ = {isa = PBXBuildFile; fileRef = 2DB745E02C94438800EA99F3 /* LoginViewController.swift */; };
		2DC277962C5766D40073E4A3 /* PrivacyInfo.xcprivacy in Resources */ = {isa = PBXBuildFile; fileRef = 2DC277952C57666A0073E4A3 /* PrivacyInfo.xcprivacy */; };
		2DCC4EA12C4663270035FD24 /* SelectEstimateTableViewCell.swift in Sources */ = {isa = PBXBuildFile; fileRef = 2DCC4EA02C4663270035FD24 /* SelectEstimateTableViewCell.swift */; };
		2DCC4EA42C46672D0035FD24 /* MainModel.swift in Sources */ = {isa = PBXBuildFile; fileRef = 2DCC4EA32C46672D0035FD24 /* MainModel.swift */; };
		2DCC4EA62C47B01F0035FD24 /* PaymentMethodTableViewCell.swift in Sources */ = {isa = PBXBuildFile; fileRef = 2DCC4EA52C47B01F0035FD24 /* PaymentMethodTableViewCell.swift */; };
		2DCC4EA82C47B84A0035FD24 /* CheckPaymentViewController.swift in Sources */ = {isa = PBXBuildFile; fileRef = 2DCC4EA72C47B84A0035FD24 /* CheckPaymentViewController.swift */; };
		2DCE0BC82C974C2800932D54 /* PastHistoryTourTableViewCell.swift in Sources */ = {isa = PBXBuildFile; fileRef = 2DCE0BC72C974C2800932D54 /* PastHistoryTourTableViewCell.swift */; };
		2DDE4B572C4258DD00CA644F /* SelectEstimateViewController.swift in Sources */ = {isa = PBXBuildFile; fileRef = 2DDE4B562C4258DD00CA644F /* SelectEstimateViewController.swift */; };
		2DEF5FDD2C718C240089C020 /* ContractViewController.swift in Sources */ = {isa = PBXBuildFile; fileRef = 2DEF5FDC2C718C240089C020 /* ContractViewController.swift */; };
		2DEF5FE02C718D5D0089C020 /* ProfileViewController.swift in Sources */ = {isa = PBXBuildFile; fileRef = 2DEF5FDF2C718D5D0089C020 /* ProfileViewController.swift */; };
		2DEF5FE22C7193910089C020 /* ProfileDetailInfoTableViewCell.swift in Sources */ = {isa = PBXBuildFile; fileRef = 2DEF5FE12C7193910089C020 /* ProfileDetailInfoTableViewCell.swift */; };
		2DEF5FE42C7196F50089C020 /* CustomerServiceViewController.swift in Sources */ = {isa = PBXBuildFile; fileRef = 2DEF5FE32C7196F50089C020 /* CustomerServiceViewController.swift */; };
		2DEF5FE62C719CBD0089C020 /* FAQViewController.swift in Sources */ = {isa = PBXBuildFile; fileRef = 2DEF5FE52C719CBD0089C020 /* FAQViewController.swift */; };
		2DEF5FE82C719D730089C020 /* PastHistoryViewController.swift in Sources */ = {isa = PBXBuildFile; fileRef = 2DEF5FE72C719D730089C020 /* PastHistoryViewController.swift */; };
		2DEF5FEA2C719EB30089C020 /* PastHistoryTableViewCell.swift in Sources */ = {isa = PBXBuildFile; fileRef = 2DEF5FE92C719EB30089C020 /* PastHistoryTableViewCell.swift */; };
		69B15B46FB6ADEE267E7FC95 /* Pods_RPA_P.framework in Frameworks */ = {isa = PBXBuildFile; fileRef = 6CE012D210ECB19B433ABE71 /* Pods_RPA_P.framework */; };
/* End PBXBuildFile section */

/* Begin PBXFileReference section */
		050099C72C800D040091ED23 /* RenewalCalendarViewController.swift */ = {isa = PBXFileReference; lastKnownFileType = sourcecode.swift; path = RenewalCalendarViewController.swift; sourceTree = "<group>"; };
		05437B442C52210700963271 /* AddressSearchTableViewCell.swift */ = {isa = PBXFileReference; lastKnownFileType = sourcecode.swift; path = AddressSearchTableViewCell.swift; sourceTree = "<group>"; };
		055F31E82C83A36E0023D38B /* RenewalEstimateViewController.swift */ = {isa = PBXFileReference; lastKnownFileType = sourcecode.swift; path = RenewalEstimateViewController.swift; sourceTree = "<group>"; };
		055F31EB2C84038C0023D38B /* ImageSlideShowTableViewCell.swift */ = {isa = PBXFileReference; lastKnownFileType = sourcecode.swift; path = ImageSlideShowTableViewCell.swift; sourceTree = "<group>"; };
		055F31ED2C8403940023D38B /* MainContentsTableViewCell.swift */ = {isa = PBXFileReference; lastKnownFileType = sourcecode.swift; path = MainContentsTableViewCell.swift; sourceTree = "<group>"; };
		055F31EF2C8404740023D38B /* RenewalMainViewController.swift */ = {isa = PBXFileReference; lastKnownFileType = sourcecode.swift; path = RenewalMainViewController.swift; sourceTree = "<group>"; };
		055F31F12C840BB10023D38B /* RefactoringMainViewController.swift */ = {isa = PBXFileReference; lastKnownFileType = sourcecode.swift; path = RefactoringMainViewController.swift; sourceTree = "<group>"; };
		056C684D2C844471004638DC /* GoogleService-Info.plist */ = {isa = PBXFileReference; fileEncoding = 4; lastKnownFileType = text.plist.xml; name = "GoogleService-Info.plist"; path = "../../../../Downloads/GoogleService-Info.plist"; sourceTree = "<group>"; };
		056E05662C7DC05000582D15 /* CircularProgress.swift */ = {isa = PBXFileReference; lastKnownFileType = sourcecode.swift; path = CircularProgress.swift; sourceTree = "<group>"; };
		057806EA2C80388E007BDA7F /* SelectDatesCustomCalendarCell.swift */ = {isa = PBXFileReference; lastKnownFileType = sourcecode.swift; path = SelectDatesCustomCalendarCell.swift; sourceTree = "<group>"; };
		0599490E2C7EA945000F7028 /* BusViewController.swift */ = {isa = PBXFileReference; lastKnownFileType = sourcecode.swift; path = BusViewController.swift; sourceTree = "<group>"; };
		059949102C7EA9E3000F7028 /* KindsOfBusCollectionViewCell.swift */ = {isa = PBXFileReference; lastKnownFileType = sourcecode.swift; path = KindsOfBusCollectionViewCell.swift; sourceTree = "<group>"; };
		059949122C7EAD40000F7028 /* BusImageCollectionViewCell.swift */ = {isa = PBXFileReference; lastKnownFileType = sourcecode.swift; path = BusImageCollectionViewCell.swift; sourceTree = "<group>"; };
		059949142C7EBB52000F7028 /* ClauseViewController.swift */ = {isa = PBXFileReference; lastKnownFileType = sourcecode.swift; path = ClauseViewController.swift; sourceTree = "<group>"; };
		059949162C7EBE4A000F7028 /* ClauseTableViewCell.swift */ = {isa = PBXFileReference; lastKnownFileType = sourcecode.swift; path = ClauseTableViewCell.swift; sourceTree = "<group>"; };
		05AD2ADF2C7EE86D000E1827 /* RPA-P.entitlements */ = {isa = PBXFileReference; lastKnownFileType = text.plist.entitlements; path = "RPA-P.entitlements"; sourceTree = "<group>"; };
		05DD11722C64482C0005B073 /* Server.swift */ = {isa = PBXFileReference; lastKnownFileType = sourcecode.swift; path = Server.swift; sourceTree = "<group>"; };
		05EDA1372C7D8C5B00966E6F /* PastHistoryMoreInfoCollectionViewCell.swift */ = {isa = PBXFileReference; lastKnownFileType = sourcecode.swift; path = PastHistoryMoreInfoCollectionViewCell.swift; sourceTree = "<group>"; };
		05EDA1392C7D9BFE00966E6F /* FAQTableViewCell.swift */ = {isa = PBXFileReference; lastKnownFileType = sourcecode.swift; path = FAQTableViewCell.swift; sourceTree = "<group>"; };
		245F003AC91AF64A072E5738 /* Pods-RPA-P.debug.xcconfig */ = {isa = PBXFileReference; includeInIndex = 1; lastKnownFileType = text.xcconfig; name = "Pods-RPA-P.debug.xcconfig"; path = "Target Support Files/Pods-RPA-P/Pods-RPA-P.debug.xcconfig"; sourceTree = "<group>"; };
		295C48971F4628F6AD3FE7AF /* Pods-RPA-P.release.xcconfig */ = {isa = PBXFileReference; includeInIndex = 1; lastKnownFileType = text.xcconfig; name = "Pods-RPA-P.release.xcconfig"; path = "Target Support Files/Pods-RPA-P/Pods-RPA-P.release.xcconfig"; sourceTree = "<group>"; };
		2D0F91FA2C4841CB0014A87D /* EstimateConfirmationViewController.swift */ = {isa = PBXFileReference; lastKnownFileType = sourcecode.swift; path = EstimateConfirmationViewController.swift; sourceTree = "<group>"; };
		2D0F91FC2C48F4200014A87D /* EstimateDetailTableViewCell.swift */ = {isa = PBXFileReference; lastKnownFileType = sourcecode.swift; path = EstimateDetailTableViewCell.swift; sourceTree = "<group>"; };
		2D0F91FE2C48FD480014A87D /* ReservationAnnouncementViewController.swift */ = {isa = PBXFileReference; lastKnownFileType = sourcecode.swift; path = ReservationAnnouncementViewController.swift; sourceTree = "<group>"; };
		2D46F5842C3DAF6F00C711E2 /* RPA-P.app */ = {isa = PBXFileReference; explicitFileType = wrapper.application; includeInIndex = 0; path = "RPA-P.app"; sourceTree = BUILT_PRODUCTS_DIR; };
		2D46F5872C3DAF6F00C711E2 /* AppDelegate.swift */ = {isa = PBXFileReference; lastKnownFileType = sourcecode.swift; path = AppDelegate.swift; sourceTree = "<group>"; };
		2D46F5892C3DAF6F00C711E2 /* SceneDelegate.swift */ = {isa = PBXFileReference; lastKnownFileType = sourcecode.swift; path = SceneDelegate.swift; sourceTree = "<group>"; };
		2D46F5902C3DAF7100C711E2 /* Assets.xcassets */ = {isa = PBXFileReference; lastKnownFileType = folder.assetcatalog; path = Assets.xcassets; sourceTree = "<group>"; };
		2D46F5932C3DAF7100C711E2 /* Base */ = {isa = PBXFileReference; lastKnownFileType = file.storyboard; name = Base; path = Base.lproj/LaunchScreen.storyboard; sourceTree = "<group>"; };
		2D46F5952C3DAF7100C711E2 /* Info.plist */ = {isa = PBXFileReference; lastKnownFileType = text.plist.xml; path = Info.plist; sourceTree = "<group>"; };
		2D46F59D2C3DB0D300C711E2 /* SupportingMethods.swift */ = {isa = PBXFileReference; lastKnownFileType = sourcecode.swift; path = SupportingMethods.swift; sourceTree = "<group>"; };
		2D46F59F2C3DB0DD00C711E2 /* ReferenceValues.swift */ = {isa = PBXFileReference; lastKnownFileType = sourcecode.swift; path = ReferenceValues.swift; sourceTree = "<group>"; };
		2D46F5A22C3E3FB300C711E2 /* SplashViewController.swift */ = {isa = PBXFileReference; lastKnownFileType = sourcecode.swift; path = SplashViewController.swift; sourceTree = "<group>"; };
		2D46F5A72C3E42F500C711E2 /* PretendardVariable.ttf */ = {isa = PBXFileReference; lastKnownFileType = file; path = PretendardVariable.ttf; sourceTree = "<group>"; };
		2D46F5A92C3E445800C711E2 /* CustomizedNavigationController.swift */ = {isa = PBXFileReference; lastKnownFileType = sourcecode.swift; path = CustomizedNavigationController.swift; sourceTree = "<group>"; };
		2D46F5AB2C3E448100C711E2 /* MainViewController.swift */ = {isa = PBXFileReference; lastKnownFileType = sourcecode.swift; path = MainViewController.swift; sourceTree = "<group>"; };
		2D46F5AD2C3E536000C711E2 /* PaymentViewController.swift */ = {isa = PBXFileReference; lastKnownFileType = sourcecode.swift; path = PaymentViewController.swift; sourceTree = "<group>"; };
		2D5342102C47C9D700B74FBF /* ReservationCompletedViewController.swift */ = {isa = PBXFileReference; lastKnownFileType = sourcecode.swift; path = ReservationCompletedViewController.swift; sourceTree = "<group>"; };
		2D5342122C47E79000B74FBF /* MoreInfoCollectionViewCell.swift */ = {isa = PBXFileReference; lastKnownFileType = sourcecode.swift; path = MoreInfoCollectionViewCell.swift; sourceTree = "<group>"; };
		2D5A98712C8D55C800C06480 /* EstimateTourCollectionViewCell.swift */ = {isa = PBXFileReference; lastKnownFileType = sourcecode.swift; path = EstimateTourCollectionViewCell.swift; sourceTree = "<group>"; };
		2D5A98732C8D55D000C06480 /* EstimateTourTableViewCell.swift */ = {isa = PBXFileReference; lastKnownFileType = sourcecode.swift; path = EstimateTourTableViewCell.swift; sourceTree = "<group>"; };
		2D6882912C49095700F9A9CD /* CalendarViewController.swift */ = {isa = PBXFileReference; lastKnownFileType = sourcecode.swift; path = CalendarViewController.swift; sourceTree = "<group>"; };
		2D835A462C465D7000DF9054 /* CategoryCollectionViewCell.swift */ = {isa = PBXFileReference; lastKnownFileType = sourcecode.swift; path = CategoryCollectionViewCell.swift; sourceTree = "<group>"; };
		2D8EFEFB2C831ED900ACD818 /* TourDetailViewController.swift */ = {isa = PBXFileReference; lastKnownFileType = sourcecode.swift; path = TourDetailViewController.swift; sourceTree = "<group>"; };
		2D8EFEFD2C8321F900ACD818 /* BasicInfoTableViewCell.swift */ = {isa = PBXFileReference; lastKnownFileType = sourcecode.swift; path = BasicInfoTableViewCell.swift; sourceTree = "<group>"; };
		2D8EFEFF2C83220100ACD818 /* AddressTourTableViewCell.swift */ = {isa = PBXFileReference; lastKnownFileType = sourcecode.swift; path = AddressTourTableViewCell.swift; sourceTree = "<group>"; };
		2D8EFF012C83221200ACD818 /* ReservationTourTableViewCell.swift */ = {isa = PBXFileReference; lastKnownFileType = sourcecode.swift; path = ReservationTourTableViewCell.swift; sourceTree = "<group>"; };
		2D8EFF032C83221A00ACD818 /* GuideTableViewCell.swift */ = {isa = PBXFileReference; lastKnownFileType = sourcecode.swift; path = GuideTableViewCell.swift; sourceTree = "<group>"; };
		2D8EFF052C83222300ACD818 /* ReservationButtonTableViewCell.swift */ = {isa = PBXFileReference; lastKnownFileType = sourcecode.swift; path = ReservationButtonTableViewCell.swift; sourceTree = "<group>"; };
		2DA8211A2C41491A000EF1D9 /* EstimateViewController.swift */ = {isa = PBXFileReference; lastKnownFileType = sourcecode.swift; path = EstimateViewController.swift; sourceTree = "<group>"; };
		2DA8211C2C414967000EF1D9 /* EstimateDetailViewController.swift */ = {isa = PBXFileReference; lastKnownFileType = sourcecode.swift; path = EstimateDetailViewController.swift; sourceTree = "<group>"; };
		2DA8211E2C415172000EF1D9 /* ViewPagerCollectionViewCell.swift */ = {isa = PBXFileReference; lastKnownFileType = sourcecode.swift; path = ViewPagerCollectionViewCell.swift; sourceTree = "<group>"; };
		2DB4ADBE2C5FCDBD00813097 /* Splash.gif */ = {isa = PBXFileReference; lastKnownFileType = image.gif; path = Splash.gif; sourceTree = "<group>"; };
		2DB4ADBF2C5FCDBD00813097 /* CompletedReservation.gif */ = {isa = PBXFileReference; lastKnownFileType = image.gif; path = CompletedReservation.gif; sourceTree = "<group>"; };
		2DB4ADC02C5FCDBD00813097 /* EstimateRequest.gif */ = {isa = PBXFileReference; lastKnownFileType = image.gif; path = EstimateRequest.gif; sourceTree = "<group>"; };
		2DB4ADC62C7066EF00813097 /* User.swift */ = {isa = PBXFileReference; lastKnownFileType = sourcecode.swift; path = User.swift; sourceTree = "<group>"; };
		2DB745E02C94438800EA99F3 /* LoginViewController.swift */ = {isa = PBXFileReference; lastKnownFileType = sourcecode.swift; path = LoginViewController.swift; sourceTree = "<group>"; };
		2DC277952C57666A0073E4A3 /* PrivacyInfo.xcprivacy */ = {isa = PBXFileReference; lastKnownFileType = text.xml; path = PrivacyInfo.xcprivacy; sourceTree = "<group>"; };
		2DCC4EA02C4663270035FD24 /* SelectEstimateTableViewCell.swift */ = {isa = PBXFileReference; lastKnownFileType = sourcecode.swift; path = SelectEstimateTableViewCell.swift; sourceTree = "<group>"; };
		2DCC4EA32C46672D0035FD24 /* MainModel.swift */ = {isa = PBXFileReference; lastKnownFileType = sourcecode.swift; path = MainModel.swift; sourceTree = "<group>"; };
		2DCC4EA52C47B01F0035FD24 /* PaymentMethodTableViewCell.swift */ = {isa = PBXFileReference; lastKnownFileType = sourcecode.swift; path = PaymentMethodTableViewCell.swift; sourceTree = "<group>"; };
		2DCC4EA72C47B84A0035FD24 /* CheckPaymentViewController.swift */ = {isa = PBXFileReference; lastKnownFileType = sourcecode.swift; path = CheckPaymentViewController.swift; sourceTree = "<group>"; };
		2DCE0BC72C974C2800932D54 /* PastHistoryTourTableViewCell.swift */ = {isa = PBXFileReference; lastKnownFileType = sourcecode.swift; path = PastHistoryTourTableViewCell.swift; sourceTree = "<group>"; };
		2DDE4B562C4258DD00CA644F /* SelectEstimateViewController.swift */ = {isa = PBXFileReference; lastKnownFileType = sourcecode.swift; path = SelectEstimateViewController.swift; sourceTree = "<group>"; };
		2DEF5FDC2C718C240089C020 /* ContractViewController.swift */ = {isa = PBXFileReference; lastKnownFileType = sourcecode.swift; path = ContractViewController.swift; sourceTree = "<group>"; };
		2DEF5FDF2C718D5D0089C020 /* ProfileViewController.swift */ = {isa = PBXFileReference; lastKnownFileType = sourcecode.swift; path = ProfileViewController.swift; sourceTree = "<group>"; };
		2DEF5FE12C7193910089C020 /* ProfileDetailInfoTableViewCell.swift */ = {isa = PBXFileReference; lastKnownFileType = sourcecode.swift; path = ProfileDetailInfoTableViewCell.swift; sourceTree = "<group>"; };
		2DEF5FE32C7196F50089C020 /* CustomerServiceViewController.swift */ = {isa = PBXFileReference; lastKnownFileType = sourcecode.swift; path = CustomerServiceViewController.swift; sourceTree = "<group>"; };
		2DEF5FE52C719CBD0089C020 /* FAQViewController.swift */ = {isa = PBXFileReference; lastKnownFileType = sourcecode.swift; path = FAQViewController.swift; sourceTree = "<group>"; };
		2DEF5FE72C719D730089C020 /* PastHistoryViewController.swift */ = {isa = PBXFileReference; lastKnownFileType = sourcecode.swift; path = PastHistoryViewController.swift; sourceTree = "<group>"; };
		2DEF5FE92C719EB30089C020 /* PastHistoryTableViewCell.swift */ = {isa = PBXFileReference; lastKnownFileType = sourcecode.swift; path = PastHistoryTableViewCell.swift; sourceTree = "<group>"; };
		6CE012D210ECB19B433ABE71 /* Pods_RPA_P.framework */ = {isa = PBXFileReference; explicitFileType = wrapper.framework; includeInIndex = 0; path = Pods_RPA_P.framework; sourceTree = BUILT_PRODUCTS_DIR; };
/* End PBXFileReference section */

/* Begin PBXFrameworksBuildPhase section */
		2D46F5812C3DAF6F00C711E2 /* Frameworks */ = {
			isa = PBXFrameworksBuildPhase;
			buildActionMask = 2147483647;
			files = (
				69B15B46FB6ADEE267E7FC95 /* Pods_RPA_P.framework in Frameworks */,
			);
			runOnlyForDeploymentPostprocessing = 0;
		};
/* End PBXFrameworksBuildPhase section */

/* Begin PBXGroup section */
		055F31EA2C8403730023D38B /* Main */ = {
			isa = PBXGroup;
			children = (
				2D0E9D3E2C8BAC5300581E70 /* Deprecated */,
				2D46F5AB2C3E448100C711E2 /* MainViewController.swift */,
				2DA8211A2C41491A000EF1D9 /* EstimateViewController.swift */,
				057806EC2C8038BD007BDA7F /* Calendar */,
			);
			path = Main;
			sourceTree = "<group>";
		};
		057806EC2C8038BD007BDA7F /* Calendar */ = {
			isa = PBXGroup;
			children = (
				057806ED2C8038CC007BDA7F /* Deprecated */,
				050099C72C800D040091ED23 /* RenewalCalendarViewController.swift */,
				057806EA2C80388E007BDA7F /* SelectDatesCustomCalendarCell.swift */,
			);
			path = Calendar;
			sourceTree = "<group>";
		};
		057806ED2C8038CC007BDA7F /* Deprecated */ = {
			isa = PBXGroup;
			children = (
				2D6882912C49095700F9A9CD /* CalendarViewController.swift */,
			);
			path = Deprecated;
			sourceTree = "<group>";
		};
		2D0E9D3E2C8BAC5300581E70 /* Deprecated */ = {
			isa = PBXGroup;
			children = (
				055F31EF2C8404740023D38B /* RenewalMainViewController.swift */,
				055F31F12C840BB10023D38B /* RefactoringMainViewController.swift */,
				055F31EB2C84038C0023D38B /* ImageSlideShowTableViewCell.swift */,
				055F31ED2C8403940023D38B /* MainContentsTableViewCell.swift */,
				055F31E82C83A36E0023D38B /* RenewalEstimateViewController.swift */,
			);
			path = Deprecated;
			sourceTree = "<group>";
		};
		2D46F57B2C3DAF6F00C711E2 = {
			isa = PBXGroup;
			children = (
				2D46F5862C3DAF6F00C711E2 /* RPA-P */,
				2D46F5852C3DAF6F00C711E2 /* Products */,
				C219D823340DE1468B53031B /* Pods */,
				CD86A868980FA33BE4C337CE /* Frameworks */,
			);
			sourceTree = "<group>";
		};
		2D46F5852C3DAF6F00C711E2 /* Products */ = {
			isa = PBXGroup;
			children = (
				2D46F5842C3DAF6F00C711E2 /* RPA-P.app */,
			);
			name = Products;
			sourceTree = "<group>";
		};
		2D46F5862C3DAF6F00C711E2 /* RPA-P */ = {
			isa = PBXGroup;
			children = (
				05AD2ADF2C7EE86D000E1827 /* RPA-P.entitlements */,
				2D46F5922C3DAF7100C711E2 /* LaunchScreen.storyboard */,
				2D46F5902C3DAF7100C711E2 /* Assets.xcassets */,
				2D46F5952C3DAF7100C711E2 /* Info.plist */,
				056C684D2C844471004638DC /* GoogleService-Info.plist */,
				2DC277952C57666A0073E4A3 /* PrivacyInfo.xcprivacy */,
				2D46F5872C3DAF6F00C711E2 /* AppDelegate.swift */,
				2D46F5892C3DAF6F00C711E2 /* SceneDelegate.swift */,
				2DB4ADBD2C5FCCFA00813097 /* Animation */,
				2D46F5A62C3E42D300C711E2 /* Fonts */,
				2D46F59B2C3DB01500C711E2 /* Assistant */,
				2D46F59C2C3DB02100C711E2 /* Login */,
				2D46F5A12C3E114400C711E2 /* Main */,
				2DEF5FDE2C718D530089C020 /* Profile */,
			);
			path = "RPA-P";
			sourceTree = "<group>";
		};
		2D46F59B2C3DB01500C711E2 /* Assistant */ = {
			isa = PBXGroup;
			children = (
				2D46F59D2C3DB0D300C711E2 /* SupportingMethods.swift */,
				2D46F59F2C3DB0DD00C711E2 /* ReferenceValues.swift */,
				2D46F5A92C3E445800C711E2 /* CustomizedNavigationController.swift */,
				05DD11722C64482C0005B073 /* Server.swift */,
				2DB4ADC62C7066EF00813097 /* User.swift */,
				056E05662C7DC05000582D15 /* CircularProgress.swift */,
			);
			path = Assistant;
			sourceTree = "<group>";
		};
		2D46F59C2C3DB02100C711E2 /* Login */ = {
			isa = PBXGroup;
			children = (
				2D46F5A22C3E3FB300C711E2 /* SplashViewController.swift */,
				059949142C7EBB52000F7028 /* ClauseViewController.swift */,
				059949162C7EBE4A000F7028 /* ClauseTableViewCell.swift */,
				2DB745E02C94438800EA99F3 /* LoginViewController.swift */,
			);
			path = Login;
			sourceTree = "<group>";
		};
		2D46F5A12C3E114400C711E2 /* Main */ = {
			isa = PBXGroup;
			children = (
				055F31EA2C8403730023D38B /* Main */,
				2DCC4EA22C46671E0035FD24 /* Models */,
				05437B442C52210700963271 /* AddressSearchTableViewCell.swift */,
				2DA8211E2C415172000EF1D9 /* ViewPagerCollectionViewCell.swift */,
				2DA8211C2C414967000EF1D9 /* EstimateDetailViewController.swift */,
				2D5A98732C8D55D000C06480 /* EstimateTourTableViewCell.swift */,
				2D5A98712C8D55C800C06480 /* EstimateTourCollectionViewCell.swift */,
				2DEF5FDC2C718C240089C020 /* ContractViewController.swift */,
				2D0F91FC2C48F4200014A87D /* EstimateDetailTableViewCell.swift */,
				2D0F91FA2C4841CB0014A87D /* EstimateConfirmationViewController.swift */,
				2D0F91FE2C48FD480014A87D /* ReservationAnnouncementViewController.swift */,
				2DDE4B562C4258DD00CA644F /* SelectEstimateViewController.swift */,
				2DCC4EA02C4663270035FD24 /* SelectEstimateTableViewCell.swift */,
				2D835A462C465D7000DF9054 /* CategoryCollectionViewCell.swift */,
				2D46F5AD2C3E536000C711E2 /* PaymentViewController.swift */,
				2DCC4EA52C47B01F0035FD24 /* PaymentMethodTableViewCell.swift */,
				2DCC4EA72C47B84A0035FD24 /* CheckPaymentViewController.swift */,
				2D5342102C47C9D700B74FBF /* ReservationCompletedViewController.swift */,
				2D5342122C47E79000B74FBF /* MoreInfoCollectionViewCell.swift */,
				2D8EFEFA2C831ECB00ACD818 /* Tour */,
			);
			path = Main;
			sourceTree = "<group>";
		};
		2D46F5A62C3E42D300C711E2 /* Fonts */ = {
			isa = PBXGroup;
			children = (
				2D46F5A72C3E42F500C711E2 /* PretendardVariable.ttf */,
			);
			path = Fonts;
			sourceTree = "<group>";
		};
		2D8EFEFA2C831ECB00ACD818 /* Tour */ = {
			isa = PBXGroup;
			children = (
				2D8EFEFB2C831ED900ACD818 /* TourDetailViewController.swift */,
				2D8EFEFD2C8321F900ACD818 /* BasicInfoTableViewCell.swift */,
				2D8EFEFF2C83220100ACD818 /* AddressTourTableViewCell.swift */,
				2D8EFF012C83221200ACD818 /* ReservationTourTableViewCell.swift */,
				2D8EFF032C83221A00ACD818 /* GuideTableViewCell.swift */,
				2D8EFF052C83222300ACD818 /* ReservationButtonTableViewCell.swift */,
			);
			path = Tour;
			sourceTree = "<group>";
		};
		2DB4ADBD2C5FCCFA00813097 /* Animation */ = {
			isa = PBXGroup;
			children = (
				2DB4ADBF2C5FCDBD00813097 /* CompletedReservation.gif */,
				2DB4ADC02C5FCDBD00813097 /* EstimateRequest.gif */,
				2DB4ADBE2C5FCDBD00813097 /* Splash.gif */,
			);
			path = Animation;
			sourceTree = "<group>";
		};
		2DCC4EA22C46671E0035FD24 /* Models */ = {
			isa = PBXGroup;
			children = (
				2DCC4EA32C46672D0035FD24 /* MainModel.swift */,
			);
			path = Models;
			sourceTree = "<group>";
		};
		2DEF5FDE2C718D530089C020 /* Profile */ = {
			isa = PBXGroup;
			children = (
				2DEF5FDF2C718D5D0089C020 /* ProfileViewController.swift */,
				2DEF5FE12C7193910089C020 /* ProfileDetailInfoTableViewCell.swift */,
				2DEF5FE32C7196F50089C020 /* CustomerServiceViewController.swift */,
				0599490E2C7EA945000F7028 /* BusViewController.swift */,
				059949122C7EAD40000F7028 /* BusImageCollectionViewCell.swift */,
				059949102C7EA9E3000F7028 /* KindsOfBusCollectionViewCell.swift */,
				2DEF5FE72C719D730089C020 /* PastHistoryViewController.swift */,
				2DEF5FE92C719EB30089C020 /* PastHistoryTableViewCell.swift */,
				05EDA1372C7D8C5B00966E6F /* PastHistoryMoreInfoCollectionViewCell.swift */,
				2DCE0BC72C974C2800932D54 /* PastHistoryTourTableViewCell.swift */,
				2DEF5FE52C719CBD0089C020 /* FAQViewController.swift */,
				05EDA1392C7D9BFE00966E6F /* FAQTableViewCell.swift */,
			);
			path = Profile;
			sourceTree = "<group>";
		};
		C219D823340DE1468B53031B /* Pods */ = {
			isa = PBXGroup;
			children = (
				245F003AC91AF64A072E5738 /* Pods-RPA-P.debug.xcconfig */,
				295C48971F4628F6AD3FE7AF /* Pods-RPA-P.release.xcconfig */,
			);
			path = Pods;
			sourceTree = "<group>";
		};
		CD86A868980FA33BE4C337CE /* Frameworks */ = {
			isa = PBXGroup;
			children = (
				6CE012D210ECB19B433ABE71 /* Pods_RPA_P.framework */,
			);
			name = Frameworks;
			sourceTree = "<group>";
		};
/* End PBXGroup section */

/* Begin PBXNativeTarget section */
		2D46F5832C3DAF6F00C711E2 /* RPA-P */ = {
			isa = PBXNativeTarget;
			buildConfigurationList = 2D46F5982C3DAF7100C711E2 /* Build configuration list for PBXNativeTarget "RPA-P" */;
			buildPhases = (
				0069C8D0E634BDBC9A6EB79C /* [CP] Check Pods Manifest.lock */,
				2D46F5802C3DAF6F00C711E2 /* Sources */,
				2D46F5812C3DAF6F00C711E2 /* Frameworks */,
				2D46F5822C3DAF6F00C711E2 /* Resources */,
				28701E49230CF93E9C9F08BC /* [CP] Embed Pods Frameworks */,
			);
			buildRules = (
			);
			dependencies = (
			);
			name = "RPA-P";
			productName = "RPA-P";
			productReference = 2D46F5842C3DAF6F00C711E2 /* RPA-P.app */;
			productType = "com.apple.product-type.application";
		};
/* End PBXNativeTarget section */

/* Begin PBXProject section */
		2D46F57C2C3DAF6F00C711E2 /* Project object */ = {
			isa = PBXProject;
			attributes = {
				BuildIndependentTargetsInParallel = 1;
				LastSwiftUpdateCheck = 1500;
				LastUpgradeCheck = 1500;
				TargetAttributes = {
					2D46F5832C3DAF6F00C711E2 = {
						CreatedOnToolsVersion = 15.0;
					};
				};
			};
			buildConfigurationList = 2D46F57F2C3DAF6F00C711E2 /* Build configuration list for PBXProject "RPA-P" */;
			compatibilityVersion = "Xcode 14.0";
			developmentRegion = en;
			hasScannedForEncodings = 0;
			knownRegions = (
				en,
				Base,
			);
			mainGroup = 2D46F57B2C3DAF6F00C711E2;
			productRefGroup = 2D46F5852C3DAF6F00C711E2 /* Products */;
			projectDirPath = "";
			projectRoot = "";
			targets = (
				2D46F5832C3DAF6F00C711E2 /* RPA-P */,
			);
		};
/* End PBXProject section */

/* Begin PBXResourcesBuildPhase section */
		2D46F5822C3DAF6F00C711E2 /* Resources */ = {
			isa = PBXResourcesBuildPhase;
			buildActionMask = 2147483647;
			files = (
				2D46F5942C3DAF7100C711E2 /* LaunchScreen.storyboard in Resources */,
				056C684E2C844472004638DC /* GoogleService-Info.plist in Resources */,
				2DB4ADC22C5FCDBD00813097 /* CompletedReservation.gif in Resources */,
				2D46F5912C3DAF7100C711E2 /* Assets.xcassets in Resources */,
				2DB4ADC32C5FCDBD00813097 /* EstimateRequest.gif in Resources */,
				2DB4ADC12C5FCDBD00813097 /* Splash.gif in Resources */,
				2DC277962C5766D40073E4A3 /* PrivacyInfo.xcprivacy in Resources */,
				2D46F5AF2C3E553600C711E2 /* PretendardVariable.ttf in Resources */,
			);
			runOnlyForDeploymentPostprocessing = 0;
		};
/* End PBXResourcesBuildPhase section */

/* Begin PBXShellScriptBuildPhase section */
		0069C8D0E634BDBC9A6EB79C /* [CP] Check Pods Manifest.lock */ = {
			isa = PBXShellScriptBuildPhase;
			buildActionMask = 2147483647;
			files = (
			);
			inputFileListPaths = (
			);
			inputPaths = (
				"${PODS_PODFILE_DIR_PATH}/Podfile.lock",
				"${PODS_ROOT}/Manifest.lock",
			);
			name = "[CP] Check Pods Manifest.lock";
			outputFileListPaths = (
			);
			outputPaths = (
				"$(DERIVED_FILE_DIR)/Pods-RPA-P-checkManifestLockResult.txt",
			);
			runOnlyForDeploymentPostprocessing = 0;
			shellPath = /bin/sh;
			shellScript = "diff \"${PODS_PODFILE_DIR_PATH}/Podfile.lock\" \"${PODS_ROOT}/Manifest.lock\" > /dev/null\nif [ $? != 0 ] ; then\n    # print error to STDERR\n    echo \"error: The sandbox is not in sync with the Podfile.lock. Run 'pod install' or update your CocoaPods installation.\" >&2\n    exit 1\nfi\n# This output is used by Xcode 'outputs' to avoid re-running this script phase.\necho \"SUCCESS\" > \"${SCRIPT_OUTPUT_FILE_0}\"\n";
			showEnvVarsInLog = 0;
		};
		28701E49230CF93E9C9F08BC /* [CP] Embed Pods Frameworks */ = {
			isa = PBXShellScriptBuildPhase;
			buildActionMask = 2147483647;
			files = (
			);
			inputFileListPaths = (
				"${PODS_ROOT}/Target Support Files/Pods-RPA-P/Pods-RPA-P-frameworks-${CONFIGURATION}-input-files.xcfilelist",
			);
			name = "[CP] Embed Pods Frameworks";
			outputFileListPaths = (
				"${PODS_ROOT}/Target Support Files/Pods-RPA-P/Pods-RPA-P-frameworks-${CONFIGURATION}-output-files.xcfilelist",
			);
			runOnlyForDeploymentPostprocessing = 0;
			shellPath = /bin/sh;
			shellScript = "\"${PODS_ROOT}/Target Support Files/Pods-RPA-P/Pods-RPA-P-frameworks.sh\"\n";
			showEnvVarsInLog = 0;
		};
/* End PBXShellScriptBuildPhase section */

/* Begin PBXSourcesBuildPhase section */
		2D46F5802C3DAF6F00C711E2 /* Sources */ = {
			isa = PBXSourcesBuildPhase;
			buildActionMask = 2147483647;
			files = (
				05DD11732C64482C0005B073 /* Server.swift in Sources */,
				2D5342132C47E79000B74FBF /* MoreInfoCollectionViewCell.swift in Sources */,
				2D46F5AC2C3E448100C711E2 /* MainViewController.swift in Sources */,
				2DEF5FE82C719D730089C020 /* PastHistoryViewController.swift in Sources */,
				2D8EFF002C83220100ACD818 /* AddressTourTableViewCell.swift in Sources */,
				2D5A98722C8D55C800C06480 /* EstimateTourCollectionViewCell.swift in Sources */,
				05EDA1382C7D8C5B00966E6F /* PastHistoryMoreInfoCollectionViewCell.swift in Sources */,
				2D5342112C47C9D700B74FBF /* ReservationCompletedViewController.swift in Sources */,
				2DEF5FE22C7193910089C020 /* ProfileDetailInfoTableViewCell.swift in Sources */,
				055F31EE2C8403940023D38B /* MainContentsTableViewCell.swift in Sources */,
				2DA8211F2C415172000EF1D9 /* ViewPagerCollectionViewCell.swift in Sources */,
				2D5A98742C8D55D000C06480 /* EstimateTourTableViewCell.swift in Sources */,
				055F31F22C840BB10023D38B /* RefactoringMainViewController.swift in Sources */,
				2D6882922C49095700F9A9CD /* CalendarViewController.swift in Sources */,
				059949152C7EBB52000F7028 /* ClauseViewController.swift in Sources */,
				2DEF5FDD2C718C240089C020 /* ContractViewController.swift in Sources */,
				2D8EFF062C83222300ACD818 /* ReservationButtonTableViewCell.swift in Sources */,
				2DA8211D2C414967000EF1D9 /* EstimateDetailViewController.swift in Sources */,
				2DCC4EA12C4663270035FD24 /* SelectEstimateTableViewCell.swift in Sources */,
				2D0F91FF2C48FD480014A87D /* ReservationAnnouncementViewController.swift in Sources */,
				059949172C7EBE4A000F7028 /* ClauseTableViewCell.swift in Sources */,
				2D46F5AA2C3E445800C711E2 /* CustomizedNavigationController.swift in Sources */,
				2DDE4B572C4258DD00CA644F /* SelectEstimateViewController.swift in Sources */,
				2D8EFEFC2C831ED900ACD818 /* TourDetailViewController.swift in Sources */,
				2D46F5882C3DAF6F00C711E2 /* AppDelegate.swift in Sources */,
				2D8EFF042C83221A00ACD818 /* GuideTableViewCell.swift in Sources */,
				2D835A472C465D7000DF9054 /* CategoryCollectionViewCell.swift in Sources */,
				055F31E92C83A36E0023D38B /* RenewalEstimateViewController.swift in Sources */,
				050099C82C800D040091ED23 /* RenewalCalendarViewController.swift in Sources */,
				057806EB2C80388E007BDA7F /* SelectDatesCustomCalendarCell.swift in Sources */,
				05437B452C52210700963271 /* AddressSearchTableViewCell.swift in Sources */,
				2D0F91FD2C48F4200014A87D /* EstimateDetailTableViewCell.swift in Sources */,
				2DCC4EA42C46672D0035FD24 /* MainModel.swift in Sources */,
				2D8EFF022C83221200ACD818 /* ReservationTourTableViewCell.swift in Sources */,
				2DCE0BC82C974C2800932D54 /* PastHistoryTourTableViewCell.swift in Sources */,
				2DCC4EA82C47B84A0035FD24 /* CheckPaymentViewController.swift in Sources */,
				2DEF5FE02C718D5D0089C020 /* ProfileViewController.swift in Sources */,
				2D46F5AE2C3E536000C711E2 /* PaymentViewController.swift in Sources */,
				2DCC4EA62C47B01F0035FD24 /* PaymentMethodTableViewCell.swift in Sources */,
				0599490F2C7EA945000F7028 /* BusViewController.swift in Sources */,
				2D46F59E2C3DB0D300C711E2 /* SupportingMethods.swift in Sources */,
				055F31F02C8404740023D38B /* RenewalMainViewController.swift in Sources */,
				056E05672C7DC05000582D15 /* CircularProgress.swift in Sources */,
				2DB745E12C94438800EA99F3 /* LoginViewController.swift in Sources */,
				2D46F58A2C3DAF6F00C711E2 /* SceneDelegate.swift in Sources */,
				2DA8211B2C41491A000EF1D9 /* EstimateViewController.swift in Sources */,
				2D8EFEFE2C8321F900ACD818 /* BasicInfoTableViewCell.swift in Sources */,
				2D46F5A02C3DB0DD00C711E2 /* ReferenceValues.swift in Sources */,
				059949112C7EA9E3000F7028 /* KindsOfBusCollectionViewCell.swift in Sources */,
				05EDA13A2C7D9BFE00966E6F /* FAQTableViewCell.swift in Sources */,
				2DEF5FE42C7196F50089C020 /* CustomerServiceViewController.swift in Sources */,
				2DEF5FEA2C719EB30089C020 /* PastHistoryTableViewCell.swift in Sources */,
				2DEF5FE62C719CBD0089C020 /* FAQViewController.swift in Sources */,
				2DB4ADC72C7066EF00813097 /* User.swift in Sources */,
				2D46F5A32C3E3FB300C711E2 /* SplashViewController.swift in Sources */,
				055F31EC2C84038C0023D38B /* ImageSlideShowTableViewCell.swift in Sources */,
				059949132C7EAD40000F7028 /* BusImageCollectionViewCell.swift in Sources */,
				2D0F91FB2C4841CB0014A87D /* EstimateConfirmationViewController.swift in Sources */,
			);
			runOnlyForDeploymentPostprocessing = 0;
		};
/* End PBXSourcesBuildPhase section */

/* Begin PBXVariantGroup section */
		2D46F5922C3DAF7100C711E2 /* LaunchScreen.storyboard */ = {
			isa = PBXVariantGroup;
			children = (
				2D46F5932C3DAF7100C711E2 /* Base */,
			);
			name = LaunchScreen.storyboard;
			sourceTree = "<group>";
		};
/* End PBXVariantGroup section */

/* Begin XCBuildConfiguration section */
		2D46F5962C3DAF7100C711E2 /* Debug */ = {
			isa = XCBuildConfiguration;
			buildSettings = {
				ALWAYS_SEARCH_USER_PATHS = NO;
				ASSETCATALOG_COMPILER_GENERATE_SWIFT_ASSET_SYMBOL_EXTENSIONS = YES;
				CLANG_ANALYZER_NONNULL = YES;
				CLANG_ANALYZER_NUMBER_OBJECT_CONVERSION = YES_AGGRESSIVE;
				CLANG_CXX_LANGUAGE_STANDARD = "gnu++20";
				CLANG_ENABLE_MODULES = YES;
				CLANG_ENABLE_OBJC_ARC = YES;
				CLANG_ENABLE_OBJC_WEAK = YES;
				CLANG_WARN_BLOCK_CAPTURE_AUTORELEASING = YES;
				CLANG_WARN_BOOL_CONVERSION = YES;
				CLANG_WARN_COMMA = YES;
				CLANG_WARN_CONSTANT_CONVERSION = YES;
				CLANG_WARN_DEPRECATED_OBJC_IMPLEMENTATIONS = YES;
				CLANG_WARN_DIRECT_OBJC_ISA_USAGE = YES_ERROR;
				CLANG_WARN_DOCUMENTATION_COMMENTS = YES;
				CLANG_WARN_EMPTY_BODY = YES;
				CLANG_WARN_ENUM_CONVERSION = YES;
				CLANG_WARN_INFINITE_RECURSION = YES;
				CLANG_WARN_INT_CONVERSION = YES;
				CLANG_WARN_NON_LITERAL_NULL_CONVERSION = YES;
				CLANG_WARN_OBJC_IMPLICIT_RETAIN_SELF = YES;
				CLANG_WARN_OBJC_LITERAL_CONVERSION = YES;
				CLANG_WARN_OBJC_ROOT_CLASS = YES_ERROR;
				CLANG_WARN_QUOTED_INCLUDE_IN_FRAMEWORK_HEADER = YES;
				CLANG_WARN_RANGE_LOOP_ANALYSIS = YES;
				CLANG_WARN_STRICT_PROTOTYPES = YES;
				CLANG_WARN_SUSPICIOUS_MOVE = YES;
				CLANG_WARN_UNGUARDED_AVAILABILITY = YES_AGGRESSIVE;
				CLANG_WARN_UNREACHABLE_CODE = YES;
				CLANG_WARN__DUPLICATE_METHOD_MATCH = YES;
				COPY_PHASE_STRIP = NO;
				DEBUG_INFORMATION_FORMAT = dwarf;
				ENABLE_STRICT_OBJC_MSGSEND = YES;
				ENABLE_TESTABILITY = YES;
				ENABLE_USER_SCRIPT_SANDBOXING = NO;
				GCC_C_LANGUAGE_STANDARD = gnu17;
				GCC_DYNAMIC_NO_PIC = NO;
				GCC_NO_COMMON_BLOCKS = YES;
				GCC_OPTIMIZATION_LEVEL = 0;
				GCC_PREPROCESSOR_DEFINITIONS = (
					"DEBUG=1",
					"$(inherited)",
				);
				GCC_WARN_64_TO_32_BIT_CONVERSION = YES;
				GCC_WARN_ABOUT_RETURN_TYPE = YES_ERROR;
				GCC_WARN_UNDECLARED_SELECTOR = YES;
				GCC_WARN_UNINITIALIZED_AUTOS = YES_AGGRESSIVE;
				GCC_WARN_UNUSED_FUNCTION = YES;
				GCC_WARN_UNUSED_VARIABLE = YES;
				IPHONEOS_DEPLOYMENT_TARGET = 17.0;
				LOCALIZATION_PREFERS_STRING_CATALOGS = YES;
				MTL_ENABLE_DEBUG_INFO = INCLUDE_SOURCE;
				MTL_FAST_MATH = YES;
				ONLY_ACTIVE_ARCH = YES;
				SDKROOT = iphoneos;
				SWIFT_ACTIVE_COMPILATION_CONDITIONS = "DEBUG $(inherited)";
				SWIFT_OPTIMIZATION_LEVEL = "-Onone";
			};
			name = Debug;
		};
		2D46F5972C3DAF7100C711E2 /* Release */ = {
			isa = XCBuildConfiguration;
			buildSettings = {
				ALWAYS_SEARCH_USER_PATHS = NO;
				ASSETCATALOG_COMPILER_GENERATE_SWIFT_ASSET_SYMBOL_EXTENSIONS = YES;
				CLANG_ANALYZER_NONNULL = YES;
				CLANG_ANALYZER_NUMBER_OBJECT_CONVERSION = YES_AGGRESSIVE;
				CLANG_CXX_LANGUAGE_STANDARD = "gnu++20";
				CLANG_ENABLE_MODULES = YES;
				CLANG_ENABLE_OBJC_ARC = YES;
				CLANG_ENABLE_OBJC_WEAK = YES;
				CLANG_WARN_BLOCK_CAPTURE_AUTORELEASING = YES;
				CLANG_WARN_BOOL_CONVERSION = YES;
				CLANG_WARN_COMMA = YES;
				CLANG_WARN_CONSTANT_CONVERSION = YES;
				CLANG_WARN_DEPRECATED_OBJC_IMPLEMENTATIONS = YES;
				CLANG_WARN_DIRECT_OBJC_ISA_USAGE = YES_ERROR;
				CLANG_WARN_DOCUMENTATION_COMMENTS = YES;
				CLANG_WARN_EMPTY_BODY = YES;
				CLANG_WARN_ENUM_CONVERSION = YES;
				CLANG_WARN_INFINITE_RECURSION = YES;
				CLANG_WARN_INT_CONVERSION = YES;
				CLANG_WARN_NON_LITERAL_NULL_CONVERSION = YES;
				CLANG_WARN_OBJC_IMPLICIT_RETAIN_SELF = YES;
				CLANG_WARN_OBJC_LITERAL_CONVERSION = YES;
				CLANG_WARN_OBJC_ROOT_CLASS = YES_ERROR;
				CLANG_WARN_QUOTED_INCLUDE_IN_FRAMEWORK_HEADER = YES;
				CLANG_WARN_RANGE_LOOP_ANALYSIS = YES;
				CLANG_WARN_STRICT_PROTOTYPES = YES;
				CLANG_WARN_SUSPICIOUS_MOVE = YES;
				CLANG_WARN_UNGUARDED_AVAILABILITY = YES_AGGRESSIVE;
				CLANG_WARN_UNREACHABLE_CODE = YES;
				CLANG_WARN__DUPLICATE_METHOD_MATCH = YES;
				COPY_PHASE_STRIP = NO;
				DEBUG_INFORMATION_FORMAT = "dwarf-with-dsym";
				ENABLE_NS_ASSERTIONS = NO;
				ENABLE_STRICT_OBJC_MSGSEND = YES;
				ENABLE_USER_SCRIPT_SANDBOXING = NO;
				GCC_C_LANGUAGE_STANDARD = gnu17;
				GCC_NO_COMMON_BLOCKS = YES;
				GCC_WARN_64_TO_32_BIT_CONVERSION = YES;
				GCC_WARN_ABOUT_RETURN_TYPE = YES_ERROR;
				GCC_WARN_UNDECLARED_SELECTOR = YES;
				GCC_WARN_UNINITIALIZED_AUTOS = YES_AGGRESSIVE;
				GCC_WARN_UNUSED_FUNCTION = YES;
				GCC_WARN_UNUSED_VARIABLE = YES;
				IPHONEOS_DEPLOYMENT_TARGET = 17.0;
				LOCALIZATION_PREFERS_STRING_CATALOGS = YES;
				MTL_ENABLE_DEBUG_INFO = NO;
				MTL_FAST_MATH = YES;
				SDKROOT = iphoneos;
				SWIFT_COMPILATION_MODE = wholemodule;
				VALIDATE_PRODUCT = YES;
			};
			name = Release;
		};
		2D46F5992C3DAF7100C711E2 /* Debug */ = {
			isa = XCBuildConfiguration;
			baseConfigurationReference = 245F003AC91AF64A072E5738 /* Pods-RPA-P.debug.xcconfig */;
			buildSettings = {
				ASSETCATALOG_COMPILER_APPICON_NAME = AppIcon;
				ASSETCATALOG_COMPILER_GLOBAL_ACCENT_COLOR_NAME = AccentColor;
				CODE_SIGN_ENTITLEMENTS = "RPA-P/RPA-P.entitlements";
				CODE_SIGN_IDENTITY = "Apple Development";
				CODE_SIGN_STYLE = Automatic;
				CURRENT_PROJECT_VERSION = 4;
				DEVELOPMENT_TEAM = 3C347T67DV;
				GENERATE_INFOPLIST_FILE = YES;
				INFOPLIST_FILE = "RPA-P/Info.plist";
				INFOPLIST_KEY_CFBundleDisplayName = "킹버스";
				INFOPLIST_KEY_UIApplicationSupportsIndirectInputEvents = YES;
				INFOPLIST_KEY_UILaunchStoryboardName = LaunchScreen;
				INFOPLIST_KEY_UISupportedInterfaceOrientations = UIInterfaceOrientationPortrait;
				INFOPLIST_KEY_UISupportedInterfaceOrientations_iPad = "UIInterfaceOrientationLandscapeLeft UIInterfaceOrientationLandscapeRight UIInterfaceOrientationPortrait UIInterfaceOrientationPortraitUpsideDown";
				INFOPLIST_KEY_UIUserInterfaceStyle = Light;
				IPHONEOS_DEPLOYMENT_TARGET = 15.0;
				LD_RUNPATH_SEARCH_PATHS = (
					"$(inherited)",
					"@executable_path/Frameworks",
				);
				MARKETING_VERSION = 1.0.3;
				PRODUCT_BUNDLE_IDENTIFIER = "com.juseong.RPA-P";
				PRODUCT_NAME = "$(TARGET_NAME)";
				PROVISIONING_PROFILE_SPECIFIER = "";
				SUPPORTED_PLATFORMS = "iphoneos iphonesimulator";
				SUPPORTS_MACCATALYST = NO;
				SWIFT_EMIT_LOC_STRINGS = YES;
				SWIFT_VERSION = 5.0;
				TARGETED_DEVICE_FAMILY = 1;
			};
			name = Debug;
		};
		2D46F59A2C3DAF7100C711E2 /* Release */ = {
			isa = XCBuildConfiguration;
			baseConfigurationReference = 295C48971F4628F6AD3FE7AF /* Pods-RPA-P.release.xcconfig */;
			buildSettings = {
				ASSETCATALOG_COMPILER_APPICON_NAME = AppIcon;
				ASSETCATALOG_COMPILER_GLOBAL_ACCENT_COLOR_NAME = AccentColor;
				CODE_SIGN_ENTITLEMENTS = "RPA-P/RPA-P.entitlements";
				CODE_SIGN_IDENTITY = "Apple Development";
				CODE_SIGN_STYLE = Automatic;
				CURRENT_PROJECT_VERSION = 4;
				DEVELOPMENT_TEAM = 3C347T67DV;
				GENERATE_INFOPLIST_FILE = YES;
				INFOPLIST_FILE = "RPA-P/Info.plist";
				INFOPLIST_KEY_CFBundleDisplayName = "킹버스";
				INFOPLIST_KEY_UIApplicationSupportsIndirectInputEvents = YES;
				INFOPLIST_KEY_UILaunchStoryboardName = LaunchScreen;
				INFOPLIST_KEY_UISupportedInterfaceOrientations = UIInterfaceOrientationPortrait;
				INFOPLIST_KEY_UISupportedInterfaceOrientations_iPad = "UIInterfaceOrientationLandscapeLeft UIInterfaceOrientationLandscapeRight UIInterfaceOrientationPortrait UIInterfaceOrientationPortraitUpsideDown";
				INFOPLIST_KEY_UIUserInterfaceStyle = Light;
				IPHONEOS_DEPLOYMENT_TARGET = 15.0;
				LD_RUNPATH_SEARCH_PATHS = (
					"$(inherited)",
					"@executable_path/Frameworks",
				);
				MARKETING_VERSION = 1.0.3;
				PRODUCT_BUNDLE_IDENTIFIER = "com.juseong.RPA-P";
				PRODUCT_NAME = "$(TARGET_NAME)";
				PROVISIONING_PROFILE_SPECIFIER = "";
				SUPPORTED_PLATFORMS = "iphoneos iphonesimulator";
				SUPPORTS_MACCATALYST = NO;
				SWIFT_EMIT_LOC_STRINGS = YES;
				SWIFT_VERSION = 5.0;
				TARGETED_DEVICE_FAMILY = 1;
			};
			name = Release;
		};
/* End XCBuildConfiguration section */

/* Begin XCConfigurationList section */
		2D46F57F2C3DAF6F00C711E2 /* Build configuration list for PBXProject "RPA-P" */ = {
			isa = XCConfigurationList;
			buildConfigurations = (
				2D46F5962C3DAF7100C711E2 /* Debug */,
				2D46F5972C3DAF7100C711E2 /* Release */,
			);
			defaultConfigurationIsVisible = 0;
			defaultConfigurationName = Release;
		};
		2D46F5982C3DAF7100C711E2 /* Build configuration list for PBXNativeTarget "RPA-P" */ = {
			isa = XCConfigurationList;
			buildConfigurations = (
				2D46F5992C3DAF7100C711E2 /* Debug */,
				2D46F59A2C3DAF7100C711E2 /* Release */,
			);
			defaultConfigurationIsVisible = 0;
			defaultConfigurationName = Release;
		};
/* End XCConfigurationList section */
	};
	rootObject = 2D46F57C2C3DAF6F00C711E2 /* Project object */;
}
